
Microsoft Visual Studio Solution File, Format Version 12.00
Project("{FAE04EC0-301F-11D3-BF4B-00C04F79EFBC}") = "CodeFestHomeworkChecker", "CodeFestHomeworkChecker\CodeFestHomeworkChecker.csproj", "{7016230A-8BD0-4C90-92A4-7207EF66A677}"
EndProject
Global
	GlobalSection(SolutionConfigurationPlatforms) = preSolution
		Debug|Any CPU = Debug|Any CPU
		Release|Any CPU = Release|Any CPU
	EndGlobalSection
	GlobalSection(ProjectConfigurationPlatforms) = postSolution
		{7016230A-8BD0-4C90-92A4-7207EF66A677}.Debug|Any CPU.ActiveCfg = Debug|Any CPU
		{7016230A-8BD0-4C90-92A4-7207EF66A677}.Debug|Any CPU.Build.0 = Debug|Any CPU
		{7016230A-8BD0-4C90-92A4-7207EF66A677}.Release|Any CPU.ActiveCfg = Release|Any CPU
		{7016230A-8BD0-4C90-92A4-7207EF66A677}.Release|Any CPU.Build.0 = Release|Any CPU
	EndGlobalSection
EndGlobal
